
Microsoft Visual Studio Solution File, Format Version 12.00
# Visual Studio Version 16
VisualStudioVersion = 16.0.29806.167
MinimumVisualStudioVersion = 10.0.40219.1
Project("{FAE04EC0-301F-11D3-BF4B-00C04F79EFBC}") = "GelocationServer", "GelocationServer.csproj", "{95171E47-7D60-4B76-BED4-A77FF76B7C4B}"
EndProject
Global
	GlobalSection(SolutionConfigurationPlatforms) = preSolution
		Debug|Any CPU = Debug|Any CPU
		Release|Any CPU = Release|Any CPU
	EndGlobalSection
	GlobalSection(ProjectConfigurationPlatforms) = postSolution
		{95171E47-7D60-4B76-BED4-A77FF76B7C4B}.Debug|Any CPU.ActiveCfg = Debug|Any CPU
		{95171E47-7D60-4B76-BED4-A77FF76B7C4B}.Debug|Any CPU.Build.0 = Debug|Any CPU
		{95171E47-7D60-4B76-BED4-A77FF76B7C4B}.Release|Any CPU.ActiveCfg = Release|Any CPU
		{95171E47-7D60-4B76-BED4-A77FF76B7C4B}.Release|Any CPU.Build.0 = Release|Any CPU
	EndGlobalSection
	GlobalSection(SolutionProperties) = preSolution
		HideSolutionNode = FALSE
	EndGlobalSection
	GlobalSection(ExtensibilityGlobals) = postSolution
		SolutionGuid = {82BA8E79-F304-4E5E-A946-399A9FC2C107}
	EndGlobalSection
EndGlobal
