
Microsoft Visual Studio Solution File, Format Version 12.00
# Visual Studio Version 16
VisualStudioVersion = 16.0.29806.167
MinimumVisualStudioVersion = 10.0.40219.1
Project("{9A19103F-16F7-4668-BE54-9A1E7A4F7556}") = "GelocationServer", "GelocationServer.csproj", "{95171E47-7D60-4B76-BED4-A77FF76B7C4B}"
EndProject
Project("{9A19103F-16F7-4668-BE54-9A1E7A4F7556}") = "Geolocation.BL", "..\Geolocation.BL\Geolocation.BL.csproj", "{6AF2269E-0016-480D-ACF8-8EF8D9F2021F}"
EndProject
Project("{9A19103F-16F7-4668-BE54-9A1E7A4F7556}") = "Geolocation.Utilities.Aws.DynamoDB", "..\Geolocation.Utilities.Aws.DynamoDB\Geolocation.Utilities.Aws.DynamoDB.csproj", "{3672FAD5-5EE5-47C2-AC12-2BDBABDDCB51}"
EndProject
Project("{9A19103F-16F7-4668-BE54-9A1E7A4F7556}") = "Geolocation.Utilities.Encryption", "..\Geolocation.Utilities.Encryption\Geolocation.Utilities.Encryption.csproj", "{F1C895D0-C2A7-43D0-85A7-1F059FFA7681}"
EndProject
Project("{9A19103F-16F7-4668-BE54-9A1E7A4F7556}") = "Geolocation.Constants", "..\Geolocation.Constants\Geolocation.Constants.csproj", "{0BE66D17-4EE8-4FDB-AF02-CF299EBDB45F}"
EndProject
Project("{9A19103F-16F7-4668-BE54-9A1E7A4F7556}") = "Geolocation.Utilities.Google", "..\Geolocation.Utilities.Google\Geolocation.Utilities.Google.csproj", "{4441D7B4-A22A-447B-9CA8-342988732A16}"
EndProject
Project("{FAE04EC0-301F-11D3-BF4B-00C04F79EFBC}") = "Geoloocation.DB", "..\Geoloocation.DB\Geoloocation.DB.csproj", "{347D6B56-A0AD-449C-B026-59418701491F}"
EndProject
Project("{FAE04EC0-301F-11D3-BF4B-00C04F79EFBC}") = "Geolocation.Factory", "..\Geolocation.Factory\Geolocation.Factory.csproj", "{F5E99DB5-B5BD-456F-80FD-E0A8D1173070}"
EndProject
Project("{FAE04EC0-301F-11D3-BF4B-00C04F79EFBC}") = "Geolocation.Entities", "..\Geolocation.Entities\Geolocation.Entities.csproj", "{212ED562-830E-4652-933E-2522576C7B34}"
EndProject
Global
	GlobalSection(SolutionConfigurationPlatforms) = preSolution
		Debug|Any CPU = Debug|Any CPU
		Release|Any CPU = Release|Any CPU
	EndGlobalSection
	GlobalSection(ProjectConfigurationPlatforms) = postSolution
		{95171E47-7D60-4B76-BED4-A77FF76B7C4B}.Debug|Any CPU.ActiveCfg = Debug|Any CPU
		{95171E47-7D60-4B76-BED4-A77FF76B7C4B}.Debug|Any CPU.Build.0 = Debug|Any CPU
		{95171E47-7D60-4B76-BED4-A77FF76B7C4B}.Release|Any CPU.ActiveCfg = Release|Any CPU
		{95171E47-7D60-4B76-BED4-A77FF76B7C4B}.Release|Any CPU.Build.0 = Release|Any CPU
		{6AF2269E-0016-480D-ACF8-8EF8D9F2021F}.Debug|Any CPU.ActiveCfg = Debug|Any CPU
		{6AF2269E-0016-480D-ACF8-8EF8D9F2021F}.Debug|Any CPU.Build.0 = Debug|Any CPU
		{6AF2269E-0016-480D-ACF8-8EF8D9F2021F}.Release|Any CPU.ActiveCfg = Release|Any CPU
		{6AF2269E-0016-480D-ACF8-8EF8D9F2021F}.Release|Any CPU.Build.0 = Release|Any CPU
		{3672FAD5-5EE5-47C2-AC12-2BDBABDDCB51}.Debug|Any CPU.ActiveCfg = Debug|Any CPU
		{3672FAD5-5EE5-47C2-AC12-2BDBABDDCB51}.Debug|Any CPU.Build.0 = Debug|Any CPU
		{3672FAD5-5EE5-47C2-AC12-2BDBABDDCB51}.Release|Any CPU.ActiveCfg = Release|Any CPU
		{3672FAD5-5EE5-47C2-AC12-2BDBABDDCB51}.Release|Any CPU.Build.0 = Release|Any CPU
		{F1C895D0-C2A7-43D0-85A7-1F059FFA7681}.Debug|Any CPU.ActiveCfg = Debug|Any CPU
		{F1C895D0-C2A7-43D0-85A7-1F059FFA7681}.Debug|Any CPU.Build.0 = Debug|Any CPU
		{F1C895D0-C2A7-43D0-85A7-1F059FFA7681}.Release|Any CPU.ActiveCfg = Release|Any CPU
		{F1C895D0-C2A7-43D0-85A7-1F059FFA7681}.Release|Any CPU.Build.0 = Release|Any CPU
		{0BE66D17-4EE8-4FDB-AF02-CF299EBDB45F}.Debug|Any CPU.ActiveCfg = Debug|Any CPU
		{0BE66D17-4EE8-4FDB-AF02-CF299EBDB45F}.Debug|Any CPU.Build.0 = Debug|Any CPU
		{0BE66D17-4EE8-4FDB-AF02-CF299EBDB45F}.Release|Any CPU.ActiveCfg = Release|Any CPU
		{0BE66D17-4EE8-4FDB-AF02-CF299EBDB45F}.Release|Any CPU.Build.0 = Release|Any CPU
		{4441D7B4-A22A-447B-9CA8-342988732A16}.Debug|Any CPU.ActiveCfg = Debug|Any CPU
		{4441D7B4-A22A-447B-9CA8-342988732A16}.Debug|Any CPU.Build.0 = Debug|Any CPU
		{4441D7B4-A22A-447B-9CA8-342988732A16}.Release|Any CPU.ActiveCfg = Release|Any CPU
		{4441D7B4-A22A-447B-9CA8-342988732A16}.Release|Any CPU.Build.0 = Release|Any CPU
		{347D6B56-A0AD-449C-B026-59418701491F}.Debug|Any CPU.ActiveCfg = Debug|Any CPU
		{347D6B56-A0AD-449C-B026-59418701491F}.Debug|Any CPU.Build.0 = Debug|Any CPU
		{347D6B56-A0AD-449C-B026-59418701491F}.Release|Any CPU.ActiveCfg = Release|Any CPU
		{347D6B56-A0AD-449C-B026-59418701491F}.Release|Any CPU.Build.0 = Release|Any CPU
		{F5E99DB5-B5BD-456F-80FD-E0A8D1173070}.Debug|Any CPU.ActiveCfg = Debug|Any CPU
		{F5E99DB5-B5BD-456F-80FD-E0A8D1173070}.Debug|Any CPU.Build.0 = Debug|Any CPU
		{F5E99DB5-B5BD-456F-80FD-E0A8D1173070}.Release|Any CPU.ActiveCfg = Release|Any CPU
		{F5E99DB5-B5BD-456F-80FD-E0A8D1173070}.Release|Any CPU.Build.0 = Release|Any CPU
		{212ED562-830E-4652-933E-2522576C7B34}.Debug|Any CPU.ActiveCfg = Debug|Any CPU
		{212ED562-830E-4652-933E-2522576C7B34}.Debug|Any CPU.Build.0 = Debug|Any CPU
		{212ED562-830E-4652-933E-2522576C7B34}.Release|Any CPU.ActiveCfg = Release|Any CPU
		{212ED562-830E-4652-933E-2522576C7B34}.Release|Any CPU.Build.0 = Release|Any CPU
	EndGlobalSection
	GlobalSection(SolutionProperties) = preSolution
		HideSolutionNode = FALSE
	EndGlobalSection
	GlobalSection(ExtensibilityGlobals) = postSolution
		SolutionGuid = {82BA8E79-F304-4E5E-A946-399A9FC2C107}
	EndGlobalSection
EndGlobal
